
Microsoft Visual Studio Solution File, Format Version 12.00
# Visual Studio Version 16
VisualStudioVersion = 16.0.31313.79
MinimumVisualStudioVersion = 10.0.40219.1
Project("{FAE04EC0-301F-11D3-BF4B-00C04F79EFBC}") = "AL", "PL\AL.csproj", "{12AE1E29-A5DA-447B-8EE3-7580D5A5F742}"
EndProject
Project("{FAE04EC0-301F-11D3-BF4B-00C04F79EFBC}") = "BLL", "BLL\BLL.csproj", "{84A6520C-F54D-44B3-BF97-5AB4B7C5A285}"
EndProject
Project("{FAE04EC0-301F-11D3-BF4B-00C04F79EFBC}") = "DAL", "DAL\DAL.csproj", "{D0C0E107-0789-470F-9B89-A347A0EB0223}"
EndProject
Global
	GlobalSection(SolutionConfigurationPlatforms) = preSolution
		Debug|Any CPU = Debug|Any CPU
		Release|Any CPU = Release|Any CPU
	EndGlobalSection
	GlobalSection(ProjectConfigurationPlatforms) = postSolution
		{12AE1E29-A5DA-447B-8EE3-7580D5A5F742}.Debug|Any CPU.ActiveCfg = Debug|Any CPU
		{12AE1E29-A5DA-447B-8EE3-7580D5A5F742}.Debug|Any CPU.Build.0 = Debug|Any CPU
		{12AE1E29-A5DA-447B-8EE3-7580D5A5F742}.Release|Any CPU.ActiveCfg = Release|Any CPU
		{12AE1E29-A5DA-447B-8EE3-7580D5A5F742}.Release|Any CPU.Build.0 = Release|Any CPU
		{84A6520C-F54D-44B3-BF97-5AB4B7C5A285}.Debug|Any CPU.ActiveCfg = Debug|Any CPU
		{84A6520C-F54D-44B3-BF97-5AB4B7C5A285}.Debug|Any CPU.Build.0 = Debug|Any CPU
		{84A6520C-F54D-44B3-BF97-5AB4B7C5A285}.Release|Any CPU.ActiveCfg = Release|Any CPU
		{84A6520C-F54D-44B3-BF97-5AB4B7C5A285}.Release|Any CPU.Build.0 = Release|Any CPU
		{D0C0E107-0789-470F-9B89-A347A0EB0223}.Debug|Any CPU.ActiveCfg = Debug|Any CPU
		{D0C0E107-0789-470F-9B89-A347A0EB0223}.Debug|Any CPU.Build.0 = Debug|Any CPU
		{D0C0E107-0789-470F-9B89-A347A0EB0223}.Release|Any CPU.ActiveCfg = Release|Any CPU
		{D0C0E107-0789-470F-9B89-A347A0EB0223}.Release|Any CPU.Build.0 = Release|Any CPU
	EndGlobalSection
	GlobalSection(SolutionProperties) = preSolution
		HideSolutionNode = FALSE
	EndGlobalSection
	GlobalSection(ExtensibilityGlobals) = postSolution
		SolutionGuid = {BD67EE8B-F67F-49EE-B641-84A49B622BE7}
	EndGlobalSection
EndGlobal
